
Microsoft Visual Studio Solution File, Format Version 12.00
# Visual Studio 2017
Project("{FAE04EC0-301F-11D3-BF4B-00C04F79EFBC}") = "SOAR_BTHS_Calorimetry-Visualization", "SOAR_BTHS_Calorimetry-Visualization.csproj", "{02917E9D-2746-F371-0D76-B85BE7B0D891}"
EndProject
Global
	GlobalSection(SolutionConfigurationPlatforms) = preSolution
		Debug|Any CPU = Debug|Any CPU
		Release|Any CPU = Release|Any CPU
	EndGlobalSection
	GlobalSection(ProjectConfigurationPlatforms) = postSolution
		{02917E9D-2746-F371-0D76-B85BE7B0D891}.Debug|Any CPU.ActiveCfg = Debug|Any CPU
		{02917E9D-2746-F371-0D76-B85BE7B0D891}.Debug|Any CPU.Build.0 = Debug|Any CPU
		{02917E9D-2746-F371-0D76-B85BE7B0D891}.Release|Any CPU.ActiveCfg = Release|Any CPU
		{02917E9D-2746-F371-0D76-B85BE7B0D891}.Release|Any CPU.Build.0 = Release|Any CPU
	EndGlobalSection
	GlobalSection(SolutionProperties) = preSolution
		HideSolutionNode = FALSE
	EndGlobalSection
EndGlobal
